# This file is automatically @generated by Cargo.
# It is not intended for manual editing.
[[package]]
name = "dy_panic"
version = "0.1.0"
dependencies = [
 "dylib 0.0.3 (registry+https://github.com/rust-lang/crates.io-index)",
 "some_dy 0.1.0",
 "some_staticlib 0.1.0",
]

[[package]]
name = "dylib"
version = "0.0.3"
source = "registry+https://github.com/rust-lang/crates.io-index"
dependencies = [
 "libc 0.2.55 (registry+https://github.com/rust-lang/crates.io-index)",
]

[[package]]
name = "libc"
version = "0.2.55"
source = "registry+https://github.com/rust-lang/crates.io-index"

[[package]]
name = "some_dy"
version = "0.1.0"
dependencies = [
 "some_staticlib 0.1.0",
]

[[package]]
name = "some_staticlib"
version = "0.1.0"

[metadata]
"checksum dylib 0.0.3 (registry+https://github.com/rust-lang/crates.io-index)" = "f06c13073013a912b363eee1433572499a2028a6b05432dad09383124d64731e"
"checksum libc 0.2.55 (registry+https://github.com/rust-lang/crates.io-index)" = "42914d39aad277d9e176efbdad68acb1d5443ab65afe0e0e4f0d49352a950880"
